
Microsoft Visual Studio Solution File, Format Version 12.00
# Visual Studio Version 17
VisualStudioVersion = 17.8.34408.163
MinimumVisualStudioVersion = 10.0.40219.1
Project("{FAE04EC0-301F-11D3-BF4B-00C04F79EFBC}") = "TwoSumGayao", "TwoSumGayao.csproj", "{CC1377CD-F71A-42B6-A902-A957A5F48A17}"
EndProject
Global
	GlobalSection(SolutionConfigurationPlatforms) = preSolution
		Debug|Any CPU = Debug|Any CPU
		Release|Any CPU = Release|Any CPU
	EndGlobalSection
	GlobalSection(ProjectConfigurationPlatforms) = postSolution
		{CC1377CD-F71A-42B6-A902-A957A5F48A17}.Debug|Any CPU.ActiveCfg = Debug|Any CPU
		{CC1377CD-F71A-42B6-A902-A957A5F48A17}.Debug|Any CPU.Build.0 = Debug|Any CPU
		{CC1377CD-F71A-42B6-A902-A957A5F48A17}.Release|Any CPU.ActiveCfg = Release|Any CPU
		{CC1377CD-F71A-42B6-A902-A957A5F48A17}.Release|Any CPU.Build.0 = Release|Any CPU
	EndGlobalSection
	GlobalSection(SolutionProperties) = preSolution
		HideSolutionNode = FALSE
	EndGlobalSection
	GlobalSection(ExtensibilityGlobals) = postSolution
		SolutionGuid = {350340F9-EAB9-4F13-B582-A81059C2081C}
	EndGlobalSection
EndGlobal
